
Microsoft Visual Studio Solution File, Format Version 12.00
# Visual Studio Version 16
VisualStudioVersion = 16.0.28822.285
MinimumVisualStudioVersion = 10.0.40219.1
Project("{FAE04EC0-301F-11D3-BF4B-00C04F79EFBC}") = "L9HWEAnonymous", "L9HWEAnonymous\L9HWEAnonymous.csproj", "{8A0284F1-C310-4B56-8B7C-663311C6A886}"
EndProject
Project("{9A19103F-16F7-4668-BE54-9A1E7A4F7556}") = "Common", "..\..\MyLib\Common\Common\Common.csproj", "{D57B433A-8DF0-4EEF-914E-0843D0C97EF4}"
EndProject
Global
	GlobalSection(SolutionConfigurationPlatforms) = preSolution
		Debug|Any CPU = Debug|Any CPU
		Release|Any CPU = Release|Any CPU
	EndGlobalSection
	GlobalSection(ProjectConfigurationPlatforms) = postSolution
		{8A0284F1-C310-4B56-8B7C-663311C6A886}.Debug|Any CPU.ActiveCfg = Debug|Any CPU
		{8A0284F1-C310-4B56-8B7C-663311C6A886}.Debug|Any CPU.Build.0 = Debug|Any CPU
		{8A0284F1-C310-4B56-8B7C-663311C6A886}.Release|Any CPU.ActiveCfg = Release|Any CPU
		{8A0284F1-C310-4B56-8B7C-663311C6A886}.Release|Any CPU.Build.0 = Release|Any CPU
		{D57B433A-8DF0-4EEF-914E-0843D0C97EF4}.Debug|Any CPU.ActiveCfg = Debug|Any CPU
		{D57B433A-8DF0-4EEF-914E-0843D0C97EF4}.Debug|Any CPU.Build.0 = Debug|Any CPU
		{D57B433A-8DF0-4EEF-914E-0843D0C97EF4}.Release|Any CPU.ActiveCfg = Release|Any CPU
		{D57B433A-8DF0-4EEF-914E-0843D0C97EF4}.Release|Any CPU.Build.0 = Release|Any CPU
	EndGlobalSection
	GlobalSection(SolutionProperties) = preSolution
		HideSolutionNode = FALSE
	EndGlobalSection
	GlobalSection(ExtensibilityGlobals) = postSolution
		SolutionGuid = {D67CCD71-AFC3-46E6-AD81-33D9B1F7C8FE}
	EndGlobalSection
EndGlobal
