
Microsoft Visual Studio Solution File, Format Version 12.00
# Visual Studio Version 16
VisualStudioVersion = 16.0.28822.285
MinimumVisualStudioVersion = 10.0.40219.1
Project("{FAE04EC0-301F-11D3-BF4B-00C04F79EFBC}") = "L7HWT3MyStruct", "L7HWT3MyStruct\L7HWT3MyStruct.csproj", "{6C3A437A-0DF1-4A8E-82D3-579DF335997C}"
EndProject
Global
	GlobalSection(SolutionConfigurationPlatforms) = preSolution
		Debug|Any CPU = Debug|Any CPU
		Release|Any CPU = Release|Any CPU
	EndGlobalSection
	GlobalSection(ProjectConfigurationPlatforms) = postSolution
		{6C3A437A-0DF1-4A8E-82D3-579DF335997C}.Debug|Any CPU.ActiveCfg = Debug|Any CPU
		{6C3A437A-0DF1-4A8E-82D3-579DF335997C}.Debug|Any CPU.Build.0 = Debug|Any CPU
		{6C3A437A-0DF1-4A8E-82D3-579DF335997C}.Release|Any CPU.ActiveCfg = Release|Any CPU
		{6C3A437A-0DF1-4A8E-82D3-579DF335997C}.Release|Any CPU.Build.0 = Release|Any CPU
	EndGlobalSection
	GlobalSection(SolutionProperties) = preSolution
		HideSolutionNode = FALSE
	EndGlobalSection
	GlobalSection(ExtensibilityGlobals) = postSolution
		SolutionGuid = {463DAC0D-242B-4206-87E5-44FF2EB3D025}
	EndGlobalSection
EndGlobal
