
Microsoft Visual Studio Solution File, Format Version 12.00
# Visual Studio 15
VisualStudioVersion = 15.0.27703.2047
MinimumVisualStudioVersion = 10.0.40219.1
Project("{FAE04EC0-301F-11D3-BF4B-00C04F79EFBC}") = "L5HWT2", "L5HWT2\L5HWT2.csproj", "{3789621E-5BE6-42E8-8121-5E2DC7515118}"
EndProject
Global
	GlobalSection(SolutionConfigurationPlatforms) = preSolution
		Debug|Any CPU = Debug|Any CPU
		Release|Any CPU = Release|Any CPU
	EndGlobalSection
	GlobalSection(ProjectConfigurationPlatforms) = postSolution
		{3789621E-5BE6-42E8-8121-5E2DC7515118}.Debug|Any CPU.ActiveCfg = Debug|Any CPU
		{3789621E-5BE6-42E8-8121-5E2DC7515118}.Debug|Any CPU.Build.0 = Debug|Any CPU
		{3789621E-5BE6-42E8-8121-5E2DC7515118}.Release|Any CPU.ActiveCfg = Release|Any CPU
		{3789621E-5BE6-42E8-8121-5E2DC7515118}.Release|Any CPU.Build.0 = Release|Any CPU
	EndGlobalSection
	GlobalSection(SolutionProperties) = preSolution
		HideSolutionNode = FALSE
	EndGlobalSection
	GlobalSection(ExtensibilityGlobals) = postSolution
		SolutionGuid = {1E94C73F-C47A-403F-A32C-22A6C3C83488}
	EndGlobalSection
EndGlobal
