
Microsoft Visual Studio Solution File, Format Version 12.00
# Visual Studio 15
VisualStudioVersion = 15.0.27703.2042
MinimumVisualStudioVersion = 10.0.40219.1
Project("{FAE04EC0-301F-11D3-BF4B-00C04F79EFBC}") = "HomeWork2", "HomeWork2\HomeWork2.csproj", "{D07EEE01-2099-4451-8E9C-7ED65C336B39}"
EndProject
Global
	GlobalSection(SolutionConfigurationPlatforms) = preSolution
		Debug|Any CPU = Debug|Any CPU
		Release|Any CPU = Release|Any CPU
	EndGlobalSection
	GlobalSection(ProjectConfigurationPlatforms) = postSolution
		{D07EEE01-2099-4451-8E9C-7ED65C336B39}.Debug|Any CPU.ActiveCfg = Debug|Any CPU
		{D07EEE01-2099-4451-8E9C-7ED65C336B39}.Debug|Any CPU.Build.0 = Debug|Any CPU
		{D07EEE01-2099-4451-8E9C-7ED65C336B39}.Release|Any CPU.ActiveCfg = Release|Any CPU
		{D07EEE01-2099-4451-8E9C-7ED65C336B39}.Release|Any CPU.Build.0 = Release|Any CPU
	EndGlobalSection
	GlobalSection(SolutionProperties) = preSolution
		HideSolutionNode = FALSE
	EndGlobalSection
	GlobalSection(ExtensibilityGlobals) = postSolution
		SolutionGuid = {C74275F4-9F8E-48E1-9242-DEEE5D05C0E7}
	EndGlobalSection
EndGlobal
