
Microsoft Visual Studio Solution File, Format Version 12.00
# Visual Studio 15
VisualStudioVersion = 15.0.27703.2047
MinimumVisualStudioVersion = 10.0.40219.1
Project("{FAE04EC0-301F-11D3-BF4B-00C04F79EFBC}") = "L6HWT3Figures", "L6HWT3Figures\L6HWT3Figures.csproj", "{F3FCBF6A-98A4-4597-B8C7-EC8E7EF691DE}"
EndProject
Global
	GlobalSection(SolutionConfigurationPlatforms) = preSolution
		Debug|Any CPU = Debug|Any CPU
		Release|Any CPU = Release|Any CPU
	EndGlobalSection
	GlobalSection(ProjectConfigurationPlatforms) = postSolution
		{F3FCBF6A-98A4-4597-B8C7-EC8E7EF691DE}.Debug|Any CPU.ActiveCfg = Debug|Any CPU
		{F3FCBF6A-98A4-4597-B8C7-EC8E7EF691DE}.Debug|Any CPU.Build.0 = Debug|Any CPU
		{F3FCBF6A-98A4-4597-B8C7-EC8E7EF691DE}.Release|Any CPU.ActiveCfg = Release|Any CPU
		{F3FCBF6A-98A4-4597-B8C7-EC8E7EF691DE}.Release|Any CPU.Build.0 = Release|Any CPU
	EndGlobalSection
	GlobalSection(SolutionProperties) = preSolution
		HideSolutionNode = FALSE
	EndGlobalSection
	GlobalSection(ExtensibilityGlobals) = postSolution
		SolutionGuid = {6EB51A03-53C9-4BBC-9C5C-E7012C822A23}
	EndGlobalSection
EndGlobal
