
Microsoft Visual Studio Solution File, Format Version 12.00
# Visual Studio Version 16
VisualStudioVersion = 16.0.28822.285
MinimumVisualStudioVersion = 10.0.40219.1
Project("{FAE04EC0-301F-11D3-BF4B-00C04F79EFBC}") = "L7HWENotebook", "L7HWENotebook\L7HWENotebook.csproj", "{5F78BAB6-941F-40BD-9E53-147098EB6409}"
EndProject
Global
	GlobalSection(SolutionConfigurationPlatforms) = preSolution
		Debug|Any CPU = Debug|Any CPU
		Release|Any CPU = Release|Any CPU
	EndGlobalSection
	GlobalSection(ProjectConfigurationPlatforms) = postSolution
		{5F78BAB6-941F-40BD-9E53-147098EB6409}.Debug|Any CPU.ActiveCfg = Debug|Any CPU
		{5F78BAB6-941F-40BD-9E53-147098EB6409}.Debug|Any CPU.Build.0 = Debug|Any CPU
		{5F78BAB6-941F-40BD-9E53-147098EB6409}.Release|Any CPU.ActiveCfg = Release|Any CPU
		{5F78BAB6-941F-40BD-9E53-147098EB6409}.Release|Any CPU.Build.0 = Release|Any CPU
	EndGlobalSection
	GlobalSection(SolutionProperties) = preSolution
		HideSolutionNode = FALSE
	EndGlobalSection
	GlobalSection(ExtensibilityGlobals) = postSolution
		SolutionGuid = {AEA8466F-E490-4496-8D91-DA35C3FADB1C}
	EndGlobalSection
EndGlobal
