
Microsoft Visual Studio Solution File, Format Version 12.00
# Visual Studio Version 16
VisualStudioVersion = 16.0.28809.33
MinimumVisualStudioVersion = 10.0.40219.1
Project("{FAE04EC0-301F-11D3-BF4B-00C04F79EFBC}") = "CalculatorForTest", "CalculatorForTest\CalculatorForTest.csproj", "{809D790F-0A92-4526-8EA6-8AD12D6CC0F2}"
EndProject
Project("{2150E333-8FDC-42A3-9474-1A3956D46DE8}") = "Solution Items", "Solution Items", "{98A5418A-A07D-41A3-A5AD-FD9BEC30FFF6}"
	ProjectSection(SolutionItems) = preProject
		Readme.txt = Readme.txt
	EndProjectSection
EndProject
Project("{FAE04EC0-301F-11D3-BF4B-00C04F79EFBC}") = "CalculatorTest", "CalculatorTest\CalculatorTest.csproj", "{F1C4C793-A160-4D40-A4D3-C304D1285336}"
EndProject
Global
	GlobalSection(SolutionConfigurationPlatforms) = preSolution
		Debug|Any CPU = Debug|Any CPU
		Release|Any CPU = Release|Any CPU
	EndGlobalSection
	GlobalSection(ProjectConfigurationPlatforms) = postSolution
		{809D790F-0A92-4526-8EA6-8AD12D6CC0F2}.Debug|Any CPU.ActiveCfg = Debug|Any CPU
		{809D790F-0A92-4526-8EA6-8AD12D6CC0F2}.Debug|Any CPU.Build.0 = Debug|Any CPU
		{809D790F-0A92-4526-8EA6-8AD12D6CC0F2}.Release|Any CPU.ActiveCfg = Release|Any CPU
		{809D790F-0A92-4526-8EA6-8AD12D6CC0F2}.Release|Any CPU.Build.0 = Release|Any CPU
		{F1C4C793-A160-4D40-A4D3-C304D1285336}.Debug|Any CPU.ActiveCfg = Debug|Any CPU
		{F1C4C793-A160-4D40-A4D3-C304D1285336}.Debug|Any CPU.Build.0 = Debug|Any CPU
		{F1C4C793-A160-4D40-A4D3-C304D1285336}.Release|Any CPU.ActiveCfg = Release|Any CPU
		{F1C4C793-A160-4D40-A4D3-C304D1285336}.Release|Any CPU.Build.0 = Release|Any CPU
	EndGlobalSection
	GlobalSection(SolutionProperties) = preSolution
		HideSolutionNode = FALSE
	EndGlobalSection
	GlobalSection(ExtensibilityGlobals) = postSolution
		SolutionGuid = {47603B53-9066-48C2-83DF-60A4EB4E6164}
	EndGlobalSection
EndGlobal
