
Microsoft Visual Studio Solution File, Format Version 12.00
# Visual Studio Version 16
VisualStudioVersion = 16.0.28822.285
MinimumVisualStudioVersion = 10.0.40219.1
Project("{FAE04EC0-301F-11D3-BF4B-00C04F79EFBC}") = "L6HWT4SortList", "L6HWT4SortList\L6HWT4SortList.csproj", "{2240A522-62C0-4710-8B3B-2D878775139E}"
EndProject
Project("{FAE04EC0-301F-11D3-BF4B-00C04F79EFBC}") = "SortListTests", "SortListTests\SortListTests.csproj", "{5A18F63F-0621-4681-93DE-C512B1354695}"
EndProject
Global
	GlobalSection(SolutionConfigurationPlatforms) = preSolution
		Debug|Any CPU = Debug|Any CPU
		Release|Any CPU = Release|Any CPU
	EndGlobalSection
	GlobalSection(ProjectConfigurationPlatforms) = postSolution
		{2240A522-62C0-4710-8B3B-2D878775139E}.Debug|Any CPU.ActiveCfg = Debug|Any CPU
		{2240A522-62C0-4710-8B3B-2D878775139E}.Debug|Any CPU.Build.0 = Debug|Any CPU
		{2240A522-62C0-4710-8B3B-2D878775139E}.Release|Any CPU.ActiveCfg = Release|Any CPU
		{2240A522-62C0-4710-8B3B-2D878775139E}.Release|Any CPU.Build.0 = Release|Any CPU
		{5A18F63F-0621-4681-93DE-C512B1354695}.Debug|Any CPU.ActiveCfg = Debug|Any CPU
		{5A18F63F-0621-4681-93DE-C512B1354695}.Debug|Any CPU.Build.0 = Debug|Any CPU
		{5A18F63F-0621-4681-93DE-C512B1354695}.Release|Any CPU.ActiveCfg = Release|Any CPU
		{5A18F63F-0621-4681-93DE-C512B1354695}.Release|Any CPU.Build.0 = Release|Any CPU
	EndGlobalSection
	GlobalSection(SolutionProperties) = preSolution
		HideSolutionNode = FALSE
	EndGlobalSection
	GlobalSection(ExtensibilityGlobals) = postSolution
		SolutionGuid = {99AAFDD5-B49D-4178-A5B2-389BD8CE718F}
	EndGlobalSection
EndGlobal
