
Microsoft Visual Studio Solution File, Format Version 12.00
# Visual Studio 15
VisualStudioVersion = 15.0.27703.2042
MinimumVisualStudioVersion = 10.0.40219.1
Project("{FAE04EC0-301F-11D3-BF4B-00C04F79EFBC}") = "L4HWT3_interval", "L4HWT3_interval\L4HWT3_interval.csproj", "{DA42B044-E54A-429C-9A4C-BCA0B4DAD1A7}"
EndProject
Global
	GlobalSection(SolutionConfigurationPlatforms) = preSolution
		Debug|Any CPU = Debug|Any CPU
		Release|Any CPU = Release|Any CPU
	EndGlobalSection
	GlobalSection(ProjectConfigurationPlatforms) = postSolution
		{DA42B044-E54A-429C-9A4C-BCA0B4DAD1A7}.Debug|Any CPU.ActiveCfg = Debug|Any CPU
		{DA42B044-E54A-429C-9A4C-BCA0B4DAD1A7}.Debug|Any CPU.Build.0 = Debug|Any CPU
		{DA42B044-E54A-429C-9A4C-BCA0B4DAD1A7}.Release|Any CPU.ActiveCfg = Release|Any CPU
		{DA42B044-E54A-429C-9A4C-BCA0B4DAD1A7}.Release|Any CPU.Build.0 = Release|Any CPU
	EndGlobalSection
	GlobalSection(SolutionProperties) = preSolution
		HideSolutionNode = FALSE
	EndGlobalSection
	GlobalSection(ExtensibilityGlobals) = postSolution
		SolutionGuid = {5DB9CFFA-4461-4A5C-9C17-ACADD0448142}
	EndGlobalSection
EndGlobal
